// !$*UTF8*$!
{
	archiveVersion = 1;
	classes = {
	};
	objectVersion = 55;
	objects = {

/* Begin PBXBuildFile section */
		04AC4C842BDF970900B20578 /* UnitTestingApp.swift in Sources */ = {isa = PBXBuildFile; fileRef = 04AC4C832BDF970900B20578 /* UnitTestingApp.swift */; };
		04AC4C862BDF970900B20578 /* ContentView.swift in Sources */ = {isa = PBXBuildFile; fileRef = 04AC4C852BDF970900B20578 /* ContentView.swift */; };
		04AC4C882BDF970A00B20578 /* Assets.xcassets in Resources */ = {isa = PBXBuildFile; fileRef = 04AC4C872BDF970A00B20578 /* Assets.xcassets */; };
		04AC4C8B2BDF970A00B20578 /* Preview Assets.xcassets in Resources */ = {isa = PBXBuildFile; fileRef = 04AC4C8A2BDF970A00B20578 /* Preview Assets.xcassets */; };
		04AC4C922BDF9AD300B20578 /* UnitTestingView.swift in Sources */ = {isa = PBXBuildFile; fileRef = 04AC4C912BDF9AD300B20578 /* UnitTestingView.swift */; };
		04AC4C942BDF9BAE00B20578 /* ViewModel.swift in Sources */ = {isa = PBXBuildFile; fileRef = 04AC4C932BDF9BAE00B20578 /* ViewModel.swift */; };
		04AC4C9C2BDF9C7E00B20578 /* UnitTesting_Tests.swift in Sources */ = {isa = PBXBuildFile; fileRef = 04AC4C9B2BDF9C7E00B20578 /* UnitTesting_Tests.swift */; };
		04AC4CA32BDF9E4000B20578 /* UnitTestingViewModel_Tests.swift in Sources */ = {isa = PBXBuildFile; fileRef = 04AC4CA22BDF9E4000B20578 /* UnitTestingViewModel_Tests.swift */; };
/* End PBXBuildFile section */

/* Begin PBXContainerItemProxy section */
		04AC4C9D2BDF9C7E00B20578 /* PBXContainerItemProxy */ = {
			isa = PBXContainerItemProxy;
			containerPortal = 04AC4C782BDF970900B20578 /* Project object */;
			proxyType = 1;
			remoteGlobalIDString = 04AC4C7F2BDF970900B20578;
			remoteInfo = UnitTesting;
		};
/* End PBXContainerItemProxy section */

/* Begin PBXFileReference section */
		04AC4C802BDF970900B20578 /* UnitTesting.app */ = {isa = PBXFileReference; explicitFileType = wrapper.application; includeInIndex = 0; path = UnitTesting.app; sourceTree = BUILT_PRODUCTS_DIR; };
		04AC4C832BDF970900B20578 /* UnitTestingApp.swift */ = {isa = PBXFileReference; lastKnownFileType = sourcecode.swift; path = UnitTestingApp.swift; sourceTree = "<group>"; };
		04AC4C852BDF970900B20578 /* ContentView.swift */ = {isa = PBXFileReference; lastKnownFileType = sourcecode.swift; path = ContentView.swift; sourceTree = "<group>"; };
		04AC4C872BDF970A00B20578 /* Assets.xcassets */ = {isa = PBXFileReference; lastKnownFileType = folder.assetcatalog; path = Assets.xcassets; sourceTree = "<group>"; };
		04AC4C8A2BDF970A00B20578 /* Preview Assets.xcassets */ = {isa = PBXFileReference; lastKnownFileType = folder.assetcatalog; path = "Preview Assets.xcassets"; sourceTree = "<group>"; };
		04AC4C912BDF9AD300B20578 /* UnitTestingView.swift */ = {isa = PBXFileReference; lastKnownFileType = sourcecode.swift; path = UnitTestingView.swift; sourceTree = "<group>"; };
		04AC4C932BDF9BAE00B20578 /* ViewModel.swift */ = {isa = PBXFileReference; lastKnownFileType = sourcecode.swift; path = ViewModel.swift; sourceTree = "<group>"; };
		04AC4C992BDF9C7E00B20578 /* UnitTesting_Tests.xctest */ = {isa = PBXFileReference; explicitFileType = wrapper.cfbundle; includeInIndex = 0; path = UnitTesting_Tests.xctest; sourceTree = BUILT_PRODUCTS_DIR; };
		04AC4C9B2BDF9C7E00B20578 /* UnitTesting_Tests.swift */ = {isa = PBXFileReference; lastKnownFileType = sourcecode.swift; path = UnitTesting_Tests.swift; sourceTree = "<group>"; };
		04AC4CA22BDF9E4000B20578 /* UnitTestingViewModel_Tests.swift */ = {isa = PBXFileReference; lastKnownFileType = sourcecode.swift; path = UnitTestingViewModel_Tests.swift; sourceTree = "<group>"; };
/* End PBXFileReference section */

/* Begin PBXFrameworksBuildPhase section */
		04AC4C7D2BDF970900B20578 /* Frameworks */ = {
			isa = PBXFrameworksBuildPhase;
			buildActionMask = 2147483647;
			files = (
			);
			runOnlyForDeploymentPostprocessing = 0;
		};
		04AC4C962BDF9C7E00B20578 /* Frameworks */ = {
			isa = PBXFrameworksBuildPhase;
			buildActionMask = 2147483647;
			files = (
			);
			runOnlyForDeploymentPostprocessing = 0;
		};
/* End PBXFrameworksBuildPhase section */

/* Begin PBXGroup section */
		04AC4C772BDF970900B20578 = {
			isa = PBXGroup;
			children = (
				04AC4C822BDF970900B20578 /* UnitTesting */,
				04AC4C9A2BDF9C7E00B20578 /* UnitTesting_Tests */,
				04AC4C812BDF970900B20578 /* Products */,
			);
			sourceTree = "<group>";
		};
		04AC4C812BDF970900B20578 /* Products */ = {
			isa = PBXGroup;
			children = (
				04AC4C802BDF970900B20578 /* UnitTesting.app */,
				04AC4C992BDF9C7E00B20578 /* UnitTesting_Tests.xctest */,
			);
			name = Products;
			sourceTree = "<group>";
		};
		04AC4C822BDF970900B20578 /* UnitTesting */ = {
			isa = PBXGroup;
			children = (
				04AC4C832BDF970900B20578 /* UnitTestingApp.swift */,
				04AC4C852BDF970900B20578 /* ContentView.swift */,
				04AC4C872BDF970A00B20578 /* Assets.xcassets */,
				04AC4C892BDF970A00B20578 /* Preview Content */,
				04AC4C912BDF9AD300B20578 /* UnitTestingView.swift */,
				04AC4C932BDF9BAE00B20578 /* ViewModel.swift */,
			);
			path = UnitTesting;
			sourceTree = "<group>";
		};
		04AC4C892BDF970A00B20578 /* Preview Content */ = {
			isa = PBXGroup;
			children = (
				04AC4C8A2BDF970A00B20578 /* Preview Assets.xcassets */,
			);
			path = "Preview Content";
			sourceTree = "<group>";
		};
		04AC4C9A2BDF9C7E00B20578 /* UnitTesting_Tests */ = {
			isa = PBXGroup;
			children = (
				04AC4C9B2BDF9C7E00B20578 /* UnitTesting_Tests.swift */,
				04AC4CA22BDF9E4000B20578 /* UnitTestingViewModel_Tests.swift */,
			);
			path = UnitTesting_Tests;
			sourceTree = "<group>";
		};
/* End PBXGroup section */

/* Begin PBXNativeTarget section */
		04AC4C7F2BDF970900B20578 /* UnitTesting */ = {
			isa = PBXNativeTarget;
			buildConfigurationList = 04AC4C8E2BDF970A00B20578 /* Build configuration list for PBXNativeTarget "UnitTesting" */;
			buildPhases = (
				04AC4C7C2BDF970900B20578 /* Sources */,
				04AC4C7D2BDF970900B20578 /* Frameworks */,
				04AC4C7E2BDF970900B20578 /* Resources */,
			);
			buildRules = (
			);
			dependencies = (
			);
			name = UnitTesting;
			productName = UnitTesting;
			productReference = 04AC4C802BDF970900B20578 /* UnitTesting.app */;
			productType = "com.apple.product-type.application";
		};
		04AC4C982BDF9C7E00B20578 /* UnitTesting_Tests */ = {
			isa = PBXNativeTarget;
			buildConfigurationList = 04AC4C9F2BDF9C7E00B20578 /* Build configuration list for PBXNativeTarget "UnitTesting_Tests" */;
			buildPhases = (
				04AC4C952BDF9C7E00B20578 /* Sources */,
				04AC4C962BDF9C7E00B20578 /* Frameworks */,
				04AC4C972BDF9C7E00B20578 /* Resources */,
			);
			buildRules = (
			);
			dependencies = (
				04AC4C9E2BDF9C7E00B20578 /* PBXTargetDependency */,
			);
			name = UnitTesting_Tests;
			productName = UnitTesting_Tests;
			productReference = 04AC4C992BDF9C7E00B20578 /* UnitTesting_Tests.xctest */;
			productType = "com.apple.product-type.bundle.unit-test";
		};
/* End PBXNativeTarget section */

/* Begin PBXProject section */
		04AC4C782BDF970900B20578 /* Project object */ = {
			isa = PBXProject;
			attributes = {
				BuildIndependentTargetsInParallel = 1;
				LastSwiftUpdateCheck = 1310;
				LastUpgradeCheck = 1310;
				TargetAttributes = {
					04AC4C7F2BDF970900B20578 = {
						CreatedOnToolsVersion = 13.1;
					};
					04AC4C982BDF9C7E00B20578 = {
						CreatedOnToolsVersion = 13.1;
						TestTargetID = 04AC4C7F2BDF970900B20578;
					};
				};
			};
			buildConfigurationList = 04AC4C7B2BDF970900B20578 /* Build configuration list for PBXProject "UnitTesting" */;
			compatibilityVersion = "Xcode 13.0";
			developmentRegion = en;
			hasScannedForEncodings = 0;
			knownRegions = (
				en,
				Base,
			);
			mainGroup = 04AC4C772BDF970900B20578;
			productRefGroup = 04AC4C812BDF970900B20578 /* Products */;
			projectDirPath = "";
			projectRoot = "";
			targets = (
				04AC4C7F2BDF970900B20578 /* UnitTesting */,
				04AC4C982BDF9C7E00B20578 /* UnitTesting_Tests */,
			);
		};
/* End PBXProject section */

/* Begin PBXResourcesBuildPhase section */
		04AC4C7E2BDF970900B20578 /* Resources */ = {
			isa = PBXResourcesBuildPhase;
			buildActionMask = 2147483647;
			files = (
				04AC4C8B2BDF970A00B20578 /* Preview Assets.xcassets in Resources */,
				04AC4C882BDF970A00B20578 /* Assets.xcassets in Resources */,
			);
			runOnlyForDeploymentPostprocessing = 0;
		};
		04AC4C972BDF9C7E00B20578 /* Resources */ = {
			isa = PBXResourcesBuildPhase;
			buildActionMask = 2147483647;
			files = (
			);
			runOnlyForDeploymentPostprocessing = 0;
		};
/* End PBXResourcesBuildPhase section */

/* Begin PBXSourcesBuildPhase section */
		04AC4C7C2BDF970900B20578 /* Sources */ = {
			isa = PBXSourcesBuildPhase;
			buildActionMask = 2147483647;
			files = (
				04AC4C922BDF9AD300B20578 /* UnitTestingView.swift in Sources */,
				04AC4C862BDF970900B20578 /* ContentView.swift in Sources */,
				04AC4C942BDF9BAE00B20578 /* ViewModel.swift in Sources */,
				04AC4C842BDF970900B20578 /* UnitTestingApp.swift in Sources */,
			);
			runOnlyForDeploymentPostprocessing = 0;
		};
		04AC4C952BDF9C7E00B20578 /* Sources */ = {
			isa = PBXSourcesBuildPhase;
			buildActionMask = 2147483647;
			files = (
				04AC4CA32BDF9E4000B20578 /* UnitTestingViewModel_Tests.swift in Sources */,
				04AC4C9C2BDF9C7E00B20578 /* UnitTesting_Tests.swift in Sources */,
			);
			runOnlyForDeploymentPostprocessing = 0;
		};
/* End PBXSourcesBuildPhase section */

/* Begin PBXTargetDependency section */
		04AC4C9E2BDF9C7E00B20578 /* PBXTargetDependency */ = {
			isa = PBXTargetDependency;
			target = 04AC4C7F2BDF970900B20578 /* UnitTesting */;
			targetProxy = 04AC4C9D2BDF9C7E00B20578 /* PBXContainerItemProxy */;
		};
/* End PBXTargetDependency section */

/* Begin XCBuildConfiguration section */
		04AC4C8C2BDF970A00B20578 /* Debug */ = {
			isa = XCBuildConfiguration;
			buildSettings = {
				ALWAYS_SEARCH_USER_PATHS = NO;
				CLANG_ANALYZER_NONNULL = YES;
				CLANG_ANALYZER_NUMBER_OBJECT_CONVERSION = YES_AGGRESSIVE;
				CLANG_CXX_LANGUAGE_STANDARD = "gnu++17";
				CLANG_CXX_LIBRARY = "libc++";
				CLANG_ENABLE_MODULES = YES;
				CLANG_ENABLE_OBJC_ARC = YES;
				CLANG_ENABLE_OBJC_WEAK = YES;
				CLANG_WARN_BLOCK_CAPTURE_AUTORELEASING = YES;
				CLANG_WARN_BOOL_CONVERSION = YES;
				CLANG_WARN_COMMA = YES;
				CLANG_WARN_CONSTANT_CONVERSION = YES;
				CLANG_WARN_DEPRECATED_OBJC_IMPLEMENTATIONS = YES;
				CLANG_WARN_DIRECT_OBJC_ISA_USAGE = YES_ERROR;
				CLANG_WARN_DOCUMENTATION_COMMENTS = YES;
				CLANG_WARN_EMPTY_BODY = YES;
				CLANG_WARN_ENUM_CONVERSION = YES;
				CLANG_WARN_INFINITE_RECURSION = YES;
				CLANG_WARN_INT_CONVERSION = YES;
				CLANG_WARN_NON_LITERAL_NULL_CONVERSION = YES;
				CLANG_WARN_OBJC_IMPLICIT_RETAIN_SELF = YES;
				CLANG_WARN_OBJC_LITERAL_CONVERSION = YES;
				CLANG_WARN_OBJC_ROOT_CLASS = YES_ERROR;
				CLANG_WARN_QUOTED_INCLUDE_IN_FRAMEWORK_HEADER = YES;
				CLANG_WARN_RANGE_LOOP_ANALYSIS = YES;
				CLANG_WARN_STRICT_PROTOTYPES = YES;
				CLANG_WARN_SUSPICIOUS_MOVE = YES;
				CLANG_WARN_UNGUARDED_AVAILABILITY = YES_AGGRESSIVE;
				CLANG_WARN_UNREACHABLE_CODE = YES;
				CLANG_WARN__DUPLICATE_METHOD_MATCH = YES;
				COPY_PHASE_STRIP = NO;
				DEBUG_INFORMATION_FORMAT = dwarf;
				ENABLE_STRICT_OBJC_MSGSEND = YES;
				ENABLE_TESTABILITY = YES;
				GCC_C_LANGUAGE_STANDARD = gnu11;
				GCC_DYNAMIC_NO_PIC = NO;
				GCC_NO_COMMON_BLOCKS = YES;
				GCC_OPTIMIZATION_LEVEL = 0;
				GCC_PREPROCESSOR_DEFINITIONS = (
					"DEBUG=1",
					"$(inherited)",
				);
				GCC_WARN_64_TO_32_BIT_CONVERSION = YES;
				GCC_WARN_ABOUT_RETURN_TYPE = YES_ERROR;
				GCC_WARN_UNDECLARED_SELECTOR = YES;
				GCC_WARN_UNINITIALIZED_AUTOS = YES_AGGRESSIVE;
				GCC_WARN_UNUSED_FUNCTION = YES;
				GCC_WARN_UNUSED_VARIABLE = YES;
				IPHONEOS_DEPLOYMENT_TARGET = 15.0;
				MTL_ENABLE_DEBUG_INFO = INCLUDE_SOURCE;
				MTL_FAST_MATH = YES;
				ONLY_ACTIVE_ARCH = YES;
				SDKROOT = iphoneos;
				SWIFT_ACTIVE_COMPILATION_CONDITIONS = DEBUG;
				SWIFT_OPTIMIZATION_LEVEL = "-Onone";
			};
			name = Debug;
		};
		04AC4C8D2BDF970A00B20578 /* Release */ = {
			isa = XCBuildConfiguration;
			buildSettings = {
				ALWAYS_SEARCH_USER_PATHS = NO;
				CLANG_ANALYZER_NONNULL = YES;
				CLANG_ANALYZER_NUMBER_OBJECT_CONVERSION = YES_AGGRESSIVE;
				CLANG_CXX_LANGUAGE_STANDARD = "gnu++17";
				CLANG_CXX_LIBRARY = "libc++";
				CLANG_ENABLE_MODULES = YES;
				CLANG_ENABLE_OBJC_ARC = YES;
				CLANG_ENABLE_OBJC_WEAK = YES;
				CLANG_WARN_BLOCK_CAPTURE_AUTORELEASING = YES;
				CLANG_WARN_BOOL_CONVERSION = YES;
				CLANG_WARN_COMMA = YES;
				CLANG_WARN_CONSTANT_CONVERSION = YES;
				CLANG_WARN_DEPRECATED_OBJC_IMPLEMENTATIONS = YES;
				CLANG_WARN_DIRECT_OBJC_ISA_USAGE = YES_ERROR;
				CLANG_WARN_DOCUMENTATION_COMMENTS = YES;
				CLANG_WARN_EMPTY_BODY = YES;
				CLANG_WARN_ENUM_CONVERSION = YES;
				CLANG_WARN_INFINITE_RECURSION = YES;
				CLANG_WARN_INT_CONVERSION = YES;
				CLANG_WARN_NON_LITERAL_NULL_CONVERSION = YES;
				CLANG_WARN_OBJC_IMPLICIT_RETAIN_SELF = YES;
				CLANG_WARN_OBJC_LITERAL_CONVERSION = YES;
				CLANG_WARN_OBJC_ROOT_CLASS = YES_ERROR;
				CLANG_WARN_QUOTED_INCLUDE_IN_FRAMEWORK_HEADER = YES;
				CLANG_WARN_RANGE_LOOP_ANALYSIS = YES;
				CLANG_WARN_STRICT_PROTOTYPES = YES;
				CLANG_WARN_SUSPICIOUS_MOVE = YES;
				CLANG_WARN_UNGUARDED_AVAILABILITY = YES_AGGRESSIVE;
				CLANG_WARN_UNREACHABLE_CODE = YES;
				CLANG_WARN__DUPLICATE_METHOD_MATCH = YES;
				COPY_PHASE_STRIP = NO;
				DEBUG_INFORMATION_FORMAT = "dwarf-with-dsym";
				ENABLE_NS_ASSERTIONS = NO;
				ENABLE_STRICT_OBJC_MSGSEND = YES;
				GCC_C_LANGUAGE_STANDARD = gnu11;
				GCC_NO_COMMON_BLOCKS = YES;
				GCC_WARN_64_TO_32_BIT_CONVERSION = YES;
				GCC_WARN_ABOUT_RETURN_TYPE = YES_ERROR;
				GCC_WARN_UNDECLARED_SELECTOR = YES;
				GCC_WARN_UNINITIALIZED_AUTOS = YES_AGGRESSIVE;
				GCC_WARN_UNUSED_FUNCTION = YES;
				GCC_WARN_UNUSED_VARIABLE = YES;
				IPHONEOS_DEPLOYMENT_TARGET = 15.0;
				MTL_ENABLE_DEBUG_INFO = NO;
				MTL_FAST_MATH = YES;
				SDKROOT = iphoneos;
				SWIFT_COMPILATION_MODE = wholemodule;
				SWIFT_OPTIMIZATION_LEVEL = "-O";
				VALIDATE_PRODUCT = YES;
			};
			name = Release;
		};
		04AC4C8F2BDF970A00B20578 /* Debug */ = {
			isa = XCBuildConfiguration;
			buildSettings = {
				ASSETCATALOG_COMPILER_APPICON_NAME = AppIcon;
				ASSETCATALOG_COMPILER_GLOBAL_ACCENT_COLOR_NAME = AccentColor;
				CODE_SIGN_STYLE = Automatic;
				CURRENT_PROJECT_VERSION = 1;
				DEVELOPMENT_ASSET_PATHS = "\"UnitTesting/Preview Content\"";
				ENABLE_PREVIEWS = YES;
				GENERATE_INFOPLIST_FILE = YES;
				INFOPLIST_KEY_UIApplicationSceneManifest_Generation = YES;
				INFOPLIST_KEY_UIApplicationSupportsIndirectInputEvents = YES;
				INFOPLIST_KEY_UILaunchScreen_Generation = YES;
				INFOPLIST_KEY_UISupportedInterfaceOrientations_iPad = "UIInterfaceOrientationPortrait UIInterfaceOrientationPortraitUpsideDown UIInterfaceOrientationLandscapeLeft UIInterfaceOrientationLandscapeRight";
				INFOPLIST_KEY_UISupportedInterfaceOrientations_iPhone = "UIInterfaceOrientationPortrait UIInterfaceOrientationLandscapeLeft UIInterfaceOrientationLandscapeRight";
				LD_RUNPATH_SEARCH_PATHS = (
					"$(inherited)",
					"@executable_path/Frameworks",
				);
				MARKETING_VERSION = 1.0;
				PRODUCT_BUNDLE_IDENTIFIER = com.unikwork.app.UnitTesting;
				PRODUCT_NAME = "$(TARGET_NAME)";
				SWIFT_EMIT_LOC_STRINGS = YES;
				SWIFT_VERSION = 5.0;
				TARGETED_DEVICE_FAMILY = "1,2";
			};
			name = Debug;
		};
		04AC4C902BDF970A00B20578 /* Release */ = {
			isa = XCBuildConfiguration;
			buildSettings = {
				ASSETCATALOG_COMPILER_APPICON_NAME = AppIcon;
				ASSETCATALOG_COMPILER_GLOBAL_ACCENT_COLOR_NAME = AccentColor;
				CODE_SIGN_STYLE = Automatic;
				CURRENT_PROJECT_VERSION = 1;
				DEVELOPMENT_ASSET_PATHS = "\"UnitTesting/Preview Content\"";
				ENABLE_PREVIEWS = YES;
				GENERATE_INFOPLIST_FILE = YES;
				INFOPLIST_KEY_UIApplicationSceneManifest_Generation = YES;
				INFOPLIST_KEY_UIApplicationSupportsIndirectInputEvents = YES;
				INFOPLIST_KEY_UILaunchScreen_Generation = YES;
				INFOPLIST_KEY_UISupportedInterfaceOrientations_iPad = "UIInterfaceOrientationPortrait UIInterfaceOrientationPortraitUpsideDown UIInterfaceOrientationLandscapeLeft UIInterfaceOrientationLandscapeRight";
				INFOPLIST_KEY_UISupportedInterfaceOrientations_iPhone = "UIInterfaceOrientationPortrait UIInterfaceOrientationLandscapeLeft UIInterfaceOrientationLandscapeRight";
				LD_RUNPATH_SEARCH_PATHS = (
					"$(inherited)",
					"@executable_path/Frameworks",
				);
				MARKETING_VERSION = 1.0;
				PRODUCT_BUNDLE_IDENTIFIER = com.unikwork.app.UnitTesting;
				PRODUCT_NAME = "$(TARGET_NAME)";
				SWIFT_EMIT_LOC_STRINGS = YES;
				SWIFT_VERSION = 5.0;
				TARGETED_DEVICE_FAMILY = "1,2";
			};
			name = Release;
		};
		04AC4CA02BDF9C7E00B20578 /* Debug */ = {
			isa = XCBuildConfiguration;
			buildSettings = {
				BUNDLE_LOADER = "$(TEST_HOST)";
				CODE_SIGN_STYLE = Automatic;
				CURRENT_PROJECT_VERSION = 1;
				GENERATE_INFOPLIST_FILE = YES;
				LD_RUNPATH_SEARCH_PATHS = (
					"$(inherited)",
					"@executable_path/Frameworks",
					"@loader_path/Frameworks",
				);
				MARKETING_VERSION = 1.0;
				PRODUCT_BUNDLE_IDENTIFIER = "com.unikwork.app.UnitTesting-Tests";
				PRODUCT_NAME = "$(TARGET_NAME)";
				SWIFT_EMIT_LOC_STRINGS = NO;
				SWIFT_VERSION = 5.0;
				TARGETED_DEVICE_FAMILY = "1,2";
				TEST_HOST = "$(BUILT_PRODUCTS_DIR)/UnitTesting.app/UnitTesting";
			};
			name = Debug;
		};
		04AC4CA12BDF9C7E00B20578 /* Release */ = {
			isa = XCBuildConfiguration;
			buildSettings = {
				BUNDLE_LOADER = "$(TEST_HOST)";
				CODE_SIGN_STYLE = Automatic;
				CURRENT_PROJECT_VERSION = 1;
				GENERATE_INFOPLIST_FILE = YES;
				LD_RUNPATH_SEARCH_PATHS = (
					"$(inherited)",
					"@executable_path/Frameworks",
					"@loader_path/Frameworks",
				);
				MARKETING_VERSION = 1.0;
				PRODUCT_BUNDLE_IDENTIFIER = "com.unikwork.app.UnitTesting-Tests";
				PRODUCT_NAME = "$(TARGET_NAME)";
				SWIFT_EMIT_LOC_STRINGS = NO;
				SWIFT_VERSION = 5.0;
				TARGETED_DEVICE_FAMILY = "1,2";
				TEST_HOST = "$(BUILT_PRODUCTS_DIR)/UnitTesting.app/UnitTesting";
			};
			name = Release;
		};
/* End XCBuildConfiguration section */

/* Begin XCConfigurationList section */
		04AC4C7B2BDF970900B20578 /* Build configuration list for PBXProject "UnitTesting" */ = {
			isa = XCConfigurationList;
			buildConfigurations = (
				04AC4C8C2BDF970A00B20578 /* Debug */,
				04AC4C8D2BDF970A00B20578 /* Release */,
			);
			defaultConfigurationIsVisible = 0;
			defaultConfigurationName = Release;
		};
		04AC4C8E2BDF970A00B20578 /* Build configuration list for PBXNativeTarget "UnitTesting" */ = {
			isa = XCConfigurationList;
			buildConfigurations = (
				04AC4C8F2BDF970A00B20578 /* Debug */,
				04AC4C902BDF970A00B20578 /* Release */,
			);
			defaultConfigurationIsVisible = 0;
			defaultConfigurationName = Release;
		};
		04AC4C9F2BDF9C7E00B20578 /* Build configuration list for PBXNativeTarget "UnitTesting_Tests" */ = {
			isa = XCConfigurationList;
			buildConfigurations = (
				04AC4CA02BDF9C7E00B20578 /* Debug */,
				04AC4CA12BDF9C7E00B20578 /* Release */,
			);
			defaultConfigurationIsVisible = 0;
			defaultConfigurationName = Release;
		};
/* End XCConfigurationList section */
	};
	rootObject = 04AC4C782BDF970900B20578 /* Project object */;
}
